// !$*UTF8*$!
{
	archiveVersion = 1;
	classes = {
	};
	objectVersion = 50;
	objects = {

/* Begin PBXBuildFile section */
		63EA115D24FA282300AF6939 /* AppDelegate.swift in Sources */ = {isa = PBXBuildFile; fileRef = 63EA115C24FA282300AF6939 /* AppDelegate.swift */; };
		63EA115F24FA282300AF6939 /* Document.swift in Sources */ = {isa = PBXBuildFile; fileRef = 63EA115E24FA282300AF6939 /* Document.swift */; };
		63EA116224FA282300AF6939 /* Document.xib in Resources */ = {isa = PBXBuildFile; fileRef = 63EA116024FA282300AF6939 /* Document.xib */; };
		63EA116424FA282400AF6939 /* Assets.xcassets in Resources */ = {isa = PBXBuildFile; fileRef = 63EA116324FA282400AF6939 /* Assets.xcassets */; };
		63EA116724FA282400AF6939 /* MainMenu.xib in Resources */ = {isa = PBXBuildFile; fileRef = 63EA116524FA282400AF6939 /* MainMenu.xib */; };
		63EA117324FA282400AF6939 /* notesTests.swift in Sources */ = {isa = PBXBuildFile; fileRef = 63EA117224FA282400AF6939 /* notesTests.swift */; };
		63EA117E24FA282400AF6939 /* notesUITests.swift in Sources */ = {isa = PBXBuildFile; fileRef = 63EA117D24FA282400AF6939 /* notesUITests.swift */; };
/* End PBXBuildFile section */

/* Begin PBXContainerItemProxy section */
		63EA116F24FA282400AF6939 /* PBXContainerItemProxy */ = {
			isa = PBXContainerItemProxy;
			containerPortal = 63EA115124FA282300AF6939 /* Project object */;
			proxyType = 1;
			remoteGlobalIDString = 63EA115824FA282300AF6939;
			remoteInfo = notes;
		};
		63EA117A24FA282400AF6939 /* PBXContainerItemProxy */ = {
			isa = PBXContainerItemProxy;
			containerPortal = 63EA115124FA282300AF6939 /* Project object */;
			proxyType = 1;
			remoteGlobalIDString = 63EA115824FA282300AF6939;
			remoteInfo = notes;
		};
/* End PBXContainerItemProxy section */

/* Begin PBXFileReference section */
		63EA115924FA282300AF6939 /* notes.app */ = {isa = PBXFileReference; explicitFileType = wrapper.application; includeInIndex = 0; path = notes.app; sourceTree = BUILT_PRODUCTS_DIR; };
		63EA115C24FA282300AF6939 /* AppDelegate.swift */ = {isa = PBXFileReference; lastKnownFileType = sourcecode.swift; path = AppDelegate.swift; sourceTree = "<group>"; };
		63EA115E24FA282300AF6939 /* Document.swift */ = {isa = PBXFileReference; lastKnownFileType = sourcecode.swift; path = Document.swift; sourceTree = "<group>"; };
		63EA116124FA282300AF6939 /* Base */ = {isa = PBXFileReference; lastKnownFileType = file.xib; name = Base; path = Base.lproj/Document.xib; sourceTree = "<group>"; };
		63EA116324FA282400AF6939 /* Assets.xcassets */ = {isa = PBXFileReference; lastKnownFileType = folder.assetcatalog; path = Assets.xcassets; sourceTree = "<group>"; };
		63EA116624FA282400AF6939 /* Base */ = {isa = PBXFileReference; lastKnownFileType = file.xib; name = Base; path = Base.lproj/MainMenu.xib; sourceTree = "<group>"; };
		63EA116824FA282400AF6939 /* Info.plist */ = {isa = PBXFileReference; lastKnownFileType = text.plist.xml; path = Info.plist; sourceTree = "<group>"; };
		63EA116924FA282400AF6939 /* notes.entitlements */ = {isa = PBXFileReference; lastKnownFileType = text.plist.entitlements; path = notes.entitlements; sourceTree = "<group>"; };
		63EA116E24FA282400AF6939 /* notesTests.xctest */ = {isa = PBXFileReference; explicitFileType = wrapper.cfbundle; includeInIndex = 0; path = notesTests.xctest; sourceTree = BUILT_PRODUCTS_DIR; };
		63EA117224FA282400AF6939 /* notesTests.swift */ = {isa = PBXFileReference; lastKnownFileType = sourcecode.swift; path = notesTests.swift; sourceTree = "<group>"; };
		63EA117424FA282400AF6939 /* Info.plist */ = {isa = PBXFileReference; lastKnownFileType = text.plist.xml; path = Info.plist; sourceTree = "<group>"; };
		63EA117924FA282400AF6939 /* notesUITests.xctest */ = {isa = PBXFileReference; explicitFileType = wrapper.cfbundle; includeInIndex = 0; path = notesUITests.xctest; sourceTree = BUILT_PRODUCTS_DIR; };
		63EA117D24FA282400AF6939 /* notesUITests.swift */ = {isa = PBXFileReference; lastKnownFileType = sourcecode.swift; path = notesUITests.swift; sourceTree = "<group>"; };
		63EA117F24FA282400AF6939 /* Info.plist */ = {isa = PBXFileReference; lastKnownFileType = text.plist.xml; path = Info.plist; sourceTree = "<group>"; };
/* End PBXFileReference section */

/* Begin PBXFrameworksBuildPhase section */
		63EA115624FA282300AF6939 /* Frameworks */ = {
			isa = PBXFrameworksBuildPhase;
			buildActionMask = 2147483647;
			files = (
			);
			runOnlyForDeploymentPostprocessing = 0;
		};
		63EA116B24FA282400AF6939 /* Frameworks */ = {
			isa = PBXFrameworksBuildPhase;
			buildActionMask = 2147483647;
			files = (
			);
			runOnlyForDeploymentPostprocessing = 0;
		};
		63EA117624FA282400AF6939 /* Frameworks */ = {
			isa = PBXFrameworksBuildPhase;
			buildActionMask = 2147483647;
			files = (
			);
			runOnlyForDeploymentPostprocessing = 0;
		};
/* End PBXFrameworksBuildPhase section */

/* Begin PBXGroup section */
		63EA115024FA282300AF6939 = {
			isa = PBXGroup;
			children = (
				63EA115B24FA282300AF6939 /* notes */,
				63EA117124FA282400AF6939 /* notesTests */,
				63EA117C24FA282400AF6939 /* notesUITests */,
				63EA115A24FA282300AF6939 /* Products */,
			);
			sourceTree = "<group>";
		};
		63EA115A24FA282300AF6939 /* Products */ = {
			isa = PBXGroup;
			children = (
				63EA115924FA282300AF6939 /* notes.app */,
				63EA116E24FA282400AF6939 /* notesTests.xctest */,
				63EA117924FA282400AF6939 /* notesUITests.xctest */,
			);
			name = Products;
			sourceTree = "<group>";
		};
		63EA115B24FA282300AF6939 /* notes */ = {
			isa = PBXGroup;
			children = (
				63EA115C24FA282300AF6939 /* AppDelegate.swift */,
				63EA115E24FA282300AF6939 /* Document.swift */,
				63EA116024FA282300AF6939 /* Document.xib */,
				63EA116324FA282400AF6939 /* Assets.xcassets */,
				63EA116524FA282400AF6939 /* MainMenu.xib */,
				63EA116824FA282400AF6939 /* Info.plist */,
				63EA116924FA282400AF6939 /* notes.entitlements */,
			);
			path = notes;
			sourceTree = "<group>";
		};
		63EA117124FA282400AF6939 /* notesTests */ = {
			isa = PBXGroup;
			children = (
				63EA117224FA282400AF6939 /* notesTests.swift */,
				63EA117424FA282400AF6939 /* Info.plist */,
			);
			path = notesTests;
			sourceTree = "<group>";
		};
		63EA117C24FA282400AF6939 /* notesUITests */ = {
			isa = PBXGroup;
			children = (
				63EA117D24FA282400AF6939 /* notesUITests.swift */,
				63EA117F24FA282400AF6939 /* Info.plist */,
			);
			path = notesUITests;
			sourceTree = "<group>";
		};
/* End PBXGroup section */

/* Begin PBXNativeTarget section */
		63EA115824FA282300AF6939 /* notes */ = {
			isa = PBXNativeTarget;
			buildConfigurationList = 63EA118224FA282400AF6939 /* Build configuration list for PBXNativeTarget "notes" */;
			buildPhases = (
				63EA115524FA282300AF6939 /* Sources */,
				63EA115624FA282300AF6939 /* Frameworks */,
				63EA115724FA282300AF6939 /* Resources */,
			);
			buildRules = (
			);
			dependencies = (
			);
			name = notes;
			productName = notes;
			productReference = 63EA115924FA282300AF6939 /* notes.app */;
			productType = "com.apple.product-type.application";
		};
		63EA116D24FA282400AF6939 /* notesTests */ = {
			isa = PBXNativeTarget;
			buildConfigurationList = 63EA118524FA282400AF6939 /* Build configuration list for PBXNativeTarget "notesTests" */;
			buildPhases = (
				63EA116A24FA282400AF6939 /* Sources */,
				63EA116B24FA282400AF6939 /* Frameworks */,
				63EA116C24FA282400AF6939 /* Resources */,
			);
			buildRules = (
			);
			dependencies = (
				63EA117024FA282400AF6939 /* PBXTargetDependency */,
			);
			name = notesTests;
			productName = notesTests;
			productReference = 63EA116E24FA282400AF6939 /* notesTests.xctest */;
			productType = "com.apple.product-type.bundle.unit-test";
		};
		63EA117824FA282400AF6939 /* notesUITests */ = {
			isa = PBXNativeTarget;
			buildConfigurationList = 63EA118824FA282400AF6939 /* Build configuration list for PBXNativeTarget "notesUITests" */;
			buildPhases = (
				63EA117524FA282400AF6939 /* Sources */,
				63EA117624FA282400AF6939 /* Frameworks */,
				63EA117724FA282400AF6939 /* Resources */,
			);
			buildRules = (
			);
			dependencies = (
				63EA117B24FA282400AF6939 /* PBXTargetDependency */,
			);
			name = notesUITests;
			productName = notesUITests;
			productReference = 63EA117924FA282400AF6939 /* notesUITests.xctest */;
			productType = "com.apple.product-type.bundle.ui-testing";
		};
/* End PBXNativeTarget section */

/* Begin PBXProject section */
		63EA115124FA282300AF6939 /* Project object */ = {
			isa = PBXProject;
			attributes = {
				LastSwiftUpdateCheck = 1010;
				LastUpgradeCheck = 1010;
				ORGANIZATIONNAME = yoloz;
				TargetAttributes = {
					63EA115824FA282300AF6939 = {
						CreatedOnToolsVersion = 10.1;
					};
					63EA116D24FA282400AF6939 = {
						CreatedOnToolsVersion = 10.1;
						TestTargetID = 63EA115824FA282300AF6939;
					};
					63EA117824FA282400AF6939 = {
						CreatedOnToolsVersion = 10.1;
						TestTargetID = 63EA115824FA282300AF6939;
					};
				};
			};
			buildConfigurationList = 63EA115424FA282300AF6939 /* Build configuration list for PBXProject "notes" */;
			compatibilityVersion = "Xcode 9.3";
			developmentRegion = en;
			hasScannedForEncodings = 0;
			knownRegions = (
				en,
				Base,
			);
			mainGroup = 63EA115024FA282300AF6939;
			productRefGroup = 63EA115A24FA282300AF6939 /* Products */;
			projectDirPath = "";
			projectRoot = "";
			targets = (
				63EA115824FA282300AF6939 /* notes */,
				63EA116D24FA282400AF6939 /* notesTests */,
				63EA117824FA282400AF6939 /* notesUITests */,
			);
		};
/* End PBXProject section */

/* Begin PBXResourcesBuildPhase section */
		63EA115724FA282300AF6939 /* Resources */ = {
			isa = PBXResourcesBuildPhase;
			buildActionMask = 2147483647;
			files = (
				63EA116424FA282400AF6939 /* Assets.xcassets in Resources */,
				63EA116224FA282300AF6939 /* Document.xib in Resources */,
				63EA116724FA282400AF6939 /* MainMenu.xib in Resources */,
			);
			runOnlyForDeploymentPostprocessing = 0;
		};
		63EA116C24FA282400AF6939 /* Resources */ = {
			isa = PBXResourcesBuildPhase;
			buildActionMask = 2147483647;
			files = (
			);
			runOnlyForDeploymentPostprocessing = 0;
		};
		63EA117724FA282400AF6939 /* Resources */ = {
			isa = PBXResourcesBuildPhase;
			buildActionMask = 2147483647;
			files = (
			);
			runOnlyForDeploymentPostprocessing = 0;
		};
/* End PBXResourcesBuildPhase section */

/* Begin PBXSourcesBuildPhase section */
		63EA115524FA282300AF6939 /* Sources */ = {
			isa = PBXSourcesBuildPhase;
			buildActionMask = 2147483647;
			files = (
				63EA115F24FA282300AF6939 /* Document.swift in Sources */,
				63EA115D24FA282300AF6939 /* AppDelegate.swift in Sources */,
			);
			runOnlyForDeploymentPostprocessing = 0;
		};
		63EA116A24FA282400AF6939 /* Sources */ = {
			isa = PBXSourcesBuildPhase;
			buildActionMask = 2147483647;
			files = (
				63EA117324FA282400AF6939 /* notesTests.swift in Sources */,
			);
			runOnlyForDeploymentPostprocessing = 0;
		};
		63EA117524FA282400AF6939 /* Sources */ = {
			isa = PBXSourcesBuildPhase;
			buildActionMask = 2147483647;
			files = (
				63EA117E24FA282400AF6939 /* notesUITests.swift in Sources */,
			);
			runOnlyForDeploymentPostprocessing = 0;
		};
/* End PBXSourcesBuildPhase section */

/* Begin PBXTargetDependency section */
		63EA117024FA282400AF6939 /* PBXTargetDependency */ = {
			isa = PBXTargetDependency;
			target = 63EA115824FA282300AF6939 /* notes */;
			targetProxy = 63EA116F24FA282400AF6939 /* PBXContainerItemProxy */;
		};
		63EA117B24FA282400AF6939 /* PBXTargetDependency */ = {
			isa = PBXTargetDependency;
			target = 63EA115824FA282300AF6939 /* notes */;
			targetProxy = 63EA117A24FA282400AF6939 /* PBXContainerItemProxy */;
		};
/* End PBXTargetDependency section */

/* Begin PBXVariantGroup section */
		63EA116024FA282300AF6939 /* Document.xib */ = {
			isa = PBXVariantGroup;
			children = (
				63EA116124FA282300AF6939 /* Base */,
			);
			name = Document.xib;
			sourceTree = "<group>";
		};
		63EA116524FA282400AF6939 /* MainMenu.xib */ = {
			isa = PBXVariantGroup;
			children = (
				63EA116624FA282400AF6939 /* Base */,
			);
			name = MainMenu.xib;
			sourceTree = "<group>";
		};
/* End PBXVariantGroup section */

/* Begin XCBuildConfiguration section */
		63EA118024FA282400AF6939 /* Debug */ = {
			isa = XCBuildConfiguration;
			buildSettings = {
				ALWAYS_SEARCH_USER_PATHS = NO;
				CLANG_ANALYZER_NONNULL = YES;
				CLANG_ANALYZER_NUMBER_OBJECT_CONVERSION = YES_AGGRESSIVE;
				CLANG_CXX_LANGUAGE_STANDARD = "gnu++14";
				CLANG_CXX_LIBRARY = "libc++";
				CLANG_ENABLE_MODULES = YES;
				CLANG_ENABLE_OBJC_ARC = YES;
				CLANG_ENABLE_OBJC_WEAK = YES;
				CLANG_WARN_BLOCK_CAPTURE_AUTORELEASING = YES;
				CLANG_WARN_BOOL_CONVERSION = YES;
				CLANG_WARN_COMMA = YES;
				CLANG_WARN_CONSTANT_CONVERSION = YES;
				CLANG_WARN_DEPRECATED_OBJC_IMPLEMENTATIONS = YES;
				CLANG_WARN_DIRECT_OBJC_ISA_USAGE = YES_ERROR;
				CLANG_WARN_DOCUMENTATION_COMMENTS = YES;
				CLANG_WARN_EMPTY_BODY = YES;
				CLANG_WARN_ENUM_CONVERSION = YES;
				CLANG_WARN_INFINITE_RECURSION = YES;
				CLANG_WARN_INT_CONVERSION = YES;
				CLANG_WARN_NON_LITERAL_NULL_CONVERSION = YES;
				CLANG_WARN_OBJC_IMPLICIT_RETAIN_SELF = YES;
				CLANG_WARN_OBJC_LITERAL_CONVERSION = YES;
				CLANG_WARN_OBJC_ROOT_CLASS = YES_ERROR;
				CLANG_WARN_RANGE_LOOP_ANALYSIS = YES;
				CLANG_WARN_STRICT_PROTOTYPES = YES;
				CLANG_WARN_SUSPICIOUS_MOVE = YES;
				CLANG_WARN_UNGUARDED_AVAILABILITY = YES_AGGRESSIVE;
				CLANG_WARN_UNREACHABLE_CODE = YES;
				CLANG_WARN__DUPLICATE_METHOD_MATCH = YES;
				CODE_SIGN_IDENTITY = "Mac Developer";
				COPY_PHASE_STRIP = NO;
				DEBUG_INFORMATION_FORMAT = dwarf;
				ENABLE_STRICT_OBJC_MSGSEND = YES;
				ENABLE_TESTABILITY = YES;
				GCC_C_LANGUAGE_STANDARD = gnu11;
				GCC_DYNAMIC_NO_PIC = NO;
				GCC_NO_COMMON_BLOCKS = YES;
				GCC_OPTIMIZATION_LEVEL = 0;
				GCC_PREPROCESSOR_DEFINITIONS = (
					"DEBUG=1",
					"$(inherited)",
				);
				GCC_WARN_64_TO_32_BIT_CONVERSION = YES;
				GCC_WARN_ABOUT_RETURN_TYPE = YES_ERROR;
				GCC_WARN_UNDECLARED_SELECTOR = YES;
				GCC_WARN_UNINITIALIZED_AUTOS = YES_AGGRESSIVE;
				GCC_WARN_UNUSED_FUNCTION = YES;
				GCC_WARN_UNUSED_VARIABLE = YES;
				MACOSX_DEPLOYMENT_TARGET = 10.13;
				MTL_ENABLE_DEBUG_INFO = INCLUDE_SOURCE;
				MTL_FAST_MATH = YES;
				ONLY_ACTIVE_ARCH = YES;
				SDKROOT = macosx;
				SWIFT_ACTIVE_COMPILATION_CONDITIONS = DEBUG;
				SWIFT_OPTIMIZATION_LEVEL = "-Onone";
			};
			name = Debug;
		};
		63EA118124FA282400AF6939 /* Release */ = {
			isa = XCBuildConfiguration;
			buildSettings = {
				ALWAYS_SEARCH_USER_PATHS = NO;
				CLANG_ANALYZER_NONNULL = YES;
				CLANG_ANALYZER_NUMBER_OBJECT_CONVERSION = YES_AGGRESSIVE;
				CLANG_CXX_LANGUAGE_STANDARD = "gnu++14";
				CLANG_CXX_LIBRARY = "libc++";
				CLANG_ENABLE_MODULES = YES;
				CLANG_ENABLE_OBJC_ARC = YES;
				CLANG_ENABLE_OBJC_WEAK = YES;
				CLANG_WARN_BLOCK_CAPTURE_AUTORELEASING = YES;
				CLANG_WARN_BOOL_CONVERSION = YES;
				CLANG_WARN_COMMA = YES;
				CLANG_WARN_CONSTANT_CONVERSION = YES;
				CLANG_WARN_DEPRECATED_OBJC_IMPLEMENTATIONS = YES;
				CLANG_WARN_DIRECT_OBJC_ISA_USAGE = YES_ERROR;
				CLANG_WARN_DOCUMENTATION_COMMENTS = YES;
				CLANG_WARN_EMPTY_BODY = YES;
				CLANG_WARN_ENUM_CONVERSION = YES;
				CLANG_WARN_INFINITE_RECURSION = YES;
				CLANG_WARN_INT_CONVERSION = YES;
				CLANG_WARN_NON_LITERAL_NULL_CONVERSION = YES;
				CLANG_WARN_OBJC_IMPLICIT_RETAIN_SELF = YES;
				CLANG_WARN_OBJC_LITERAL_CONVERSION = YES;
				CLANG_WARN_OBJC_ROOT_CLASS = YES_ERROR;
				CLANG_WARN_RANGE_LOOP_ANALYSIS = YES;
				CLANG_WARN_STRICT_PROTOTYPES = YES;
				CLANG_WARN_SUSPICIOUS_MOVE = YES;
				CLANG_WARN_UNGUARDED_AVAILABILITY = YES_AGGRESSIVE;
				CLANG_WARN_UNREACHABLE_CODE = YES;
				CLANG_WARN__DUPLICATE_METHOD_MATCH = YES;
				CODE_SIGN_IDENTITY = "Mac Developer";
				COPY_PHASE_STRIP = NO;
				DEBUG_INFORMATION_FORMAT = "dwarf-with-dsym";
				ENABLE_NS_ASSERTIONS = NO;
				ENABLE_STRICT_OBJC_MSGSEND = YES;
				GCC_C_LANGUAGE_STANDARD = gnu11;
				GCC_NO_COMMON_BLOCKS = YES;
				GCC_WARN_64_TO_32_BIT_CONVERSION = YES;
				GCC_WARN_ABOUT_RETURN_TYPE = YES_ERROR;
				GCC_WARN_UNDECLARED_SELECTOR = YES;
				GCC_WARN_UNINITIALIZED_AUTOS = YES_AGGRESSIVE;
				GCC_WARN_UNUSED_FUNCTION = YES;
				GCC_WARN_UNUSED_VARIABLE = YES;
				MACOSX_DEPLOYMENT_TARGET = 10.13;
				MTL_ENABLE_DEBUG_INFO = NO;
				MTL_FAST_MATH = YES;
				SDKROOT = macosx;
				SWIFT_COMPILATION_MODE = wholemodule;
				SWIFT_OPTIMIZATION_LEVEL = "-O";
			};
			name = Release;
		};
		63EA118324FA282400AF6939 /* Debug */ = {
			isa = XCBuildConfiguration;
			buildSettings = {
				ASSETCATALOG_COMPILER_APPICON_NAME = AppIcon;
				CODE_SIGN_ENTITLEMENTS = notes/notes.entitlements;
				CODE_SIGN_STYLE = Automatic;
				COMBINE_HIDPI_IMAGES = YES;
				DEVELOPMENT_TEAM = XQ66P8734S;
				INFOPLIST_FILE = notes/Info.plist;
				LD_RUNPATH_SEARCH_PATHS = (
					"$(inherited)",
					"@executable_path/../Frameworks",
				);
				PRODUCT_BUNDLE_IDENTIFIER = com.796c7a.notes;
				PRODUCT_NAME = "$(TARGET_NAME)";
				SWIFT_VERSION = 4.2;
			};
			name = Debug;
		};
		63EA118424FA282400AF6939 /* Release */ = {
			isa = XCBuildConfiguration;
			buildSettings = {
				ASSETCATALOG_COMPILER_APPICON_NAME = AppIcon;
				CODE_SIGN_ENTITLEMENTS = notes/notes.entitlements;
				CODE_SIGN_STYLE = Automatic;
				COMBINE_HIDPI_IMAGES = YES;
				DEVELOPMENT_TEAM = XQ66P8734S;
				INFOPLIST_FILE = notes/Info.plist;
				LD_RUNPATH_SEARCH_PATHS = (
					"$(inherited)",
					"@executable_path/../Frameworks",
				);
				PRODUCT_BUNDLE_IDENTIFIER = com.796c7a.notes;
				PRODUCT_NAME = "$(TARGET_NAME)";
				SWIFT_VERSION = 4.2;
			};
			name = Release;
		};
		63EA118624FA282400AF6939 /* Debug */ = {
			isa = XCBuildConfiguration;
			buildSettings = {
				ALWAYS_EMBED_SWIFT_STANDARD_LIBRARIES = YES;
				BUNDLE_LOADER = "$(TEST_HOST)";
				CODE_SIGN_STYLE = Automatic;
				COMBINE_HIDPI_IMAGES = YES;
				DEVELOPMENT_TEAM = XQ66P8734S;
				INFOPLIST_FILE = notesTests/Info.plist;
				LD_RUNPATH_SEARCH_PATHS = (
					"$(inherited)",
					"@executable_path/../Frameworks",
					"@loader_path/../Frameworks",
				);
				PRODUCT_BUNDLE_IDENTIFIER = com.796c7a.notesTests;
				PRODUCT_NAME = "$(TARGET_NAME)";
				SWIFT_VERSION = 4.2;
				TEST_HOST = "$(BUILT_PRODUCTS_DIR)/notes.app/Contents/MacOS/notes";
			};
			name = Debug;
		};
		63EA118724FA282400AF6939 /* Release */ = {
			isa = XCBuildConfiguration;
			buildSettings = {
				ALWAYS_EMBED_SWIFT_STANDARD_LIBRARIES = YES;
				BUNDLE_LOADER = "$(TEST_HOST)";
				CODE_SIGN_STYLE = Automatic;
				COMBINE_HIDPI_IMAGES = YES;
				DEVELOPMENT_TEAM = XQ66P8734S;
				INFOPLIST_FILE = notesTests/Info.plist;
				LD_RUNPATH_SEARCH_PATHS = (
					"$(inherited)",
					"@executable_path/../Frameworks",
					"@loader_path/../Frameworks",
				);
				PRODUCT_BUNDLE_IDENTIFIER = com.796c7a.notesTests;
				PRODUCT_NAME = "$(TARGET_NAME)";
				SWIFT_VERSION = 4.2;
				TEST_HOST = "$(BUILT_PRODUCTS_DIR)/notes.app/Contents/MacOS/notes";
			};
			name = Release;
		};
		63EA118924FA282400AF6939 /* Debug */ = {
			isa = XCBuildConfiguration;
			buildSettings = {
				ALWAYS_EMBED_SWIFT_STANDARD_LIBRARIES = YES;
				CODE_SIGN_STYLE = Automatic;
				COMBINE_HIDPI_IMAGES = YES;
				DEVELOPMENT_TEAM = XQ66P8734S;
				INFOPLIST_FILE = notesUITests/Info.plist;
				LD_RUNPATH_SEARCH_PATHS = (
					"$(inherited)",
					"@executable_path/../Frameworks",
					"@loader_path/../Frameworks",
				);
				PRODUCT_BUNDLE_IDENTIFIER = com.796c7a.notesUITests;
				PRODUCT_NAME = "$(TARGET_NAME)";
				SWIFT_VERSION = 4.2;
				TEST_TARGET_NAME = notes;
			};
			name = Debug;
		};
		63EA118A24FA282400AF6939 /* Release */ = {
			isa = XCBuildConfiguration;
			buildSettings = {
				ALWAYS_EMBED_SWIFT_STANDARD_LIBRARIES = YES;
				CODE_SIGN_STYLE = Automatic;
				COMBINE_HIDPI_IMAGES = YES;
				DEVELOPMENT_TEAM = XQ66P8734S;
				INFOPLIST_FILE = notesUITests/Info.plist;
				LD_RUNPATH_SEARCH_PATHS = (
					"$(inherited)",
					"@executable_path/../Frameworks",
					"@loader_path/../Frameworks",
				);
				PRODUCT_BUNDLE_IDENTIFIER = com.796c7a.notesUITests;
				PRODUCT_NAME = "$(TARGET_NAME)";
				SWIFT_VERSION = 4.2;
				TEST_TARGET_NAME = notes;
			};
			name = Release;
		};
/* End XCBuildConfiguration section */

/* Begin XCConfigurationList section */
		63EA115424FA282300AF6939 /* Build configuration list for PBXProject "notes" */ = {
			isa = XCConfigurationList;
			buildConfigurations = (
				63EA118024FA282400AF6939 /* Debug */,
				63EA118124FA282400AF6939 /* Release */,
			);
			defaultConfigurationIsVisible = 0;
			defaultConfigurationName = Release;
		};
		63EA118224FA282400AF6939 /* Build configuration list for PBXNativeTarget "notes" */ = {
			isa = XCConfigurationList;
			buildConfigurations = (
				63EA118324FA282400AF6939 /* Debug */,
				63EA118424FA282400AF6939 /* Release */,
			);
			defaultConfigurationIsVisible = 0;
			defaultConfigurationName = Release;
		};
		63EA118524FA282400AF6939 /* Build configuration list for PBXNativeTarget "notesTests" */ = {
			isa = XCConfigurationList;
			buildConfigurations = (
				63EA118624FA282400AF6939 /* Debug */,
				63EA118724FA282400AF6939 /* Release */,
			);
			defaultConfigurationIsVisible = 0;
			defaultConfigurationName = Release;
		};
		63EA118824FA282400AF6939 /* Build configuration list for PBXNativeTarget "notesUITests" */ = {
			isa = XCConfigurationList;
			buildConfigurations = (
				63EA118924FA282400AF6939 /* Debug */,
				63EA118A24FA282400AF6939 /* Release */,
			);
			defaultConfigurationIsVisible = 0;
			defaultConfigurationName = Release;
		};
/* End XCConfigurationList section */
	};
	rootObject = 63EA115124FA282300AF6939 /* Project object */;
}
